
Microsoft Visual Studio Solution File, Format Version 12.00
# Visual Studio Version 17
VisualStudioVersion = 17.10.35122.118
MinimumVisualStudioVersion = 10.0.40219.1
Project("{FAE04EC0-301F-11D3-BF4B-00C04F79EFBC}") = "Envio.Android", "Envio.Android\Envio.Android.csproj", "{941E296F-1263-459C-B750-17BD68766AF9}"
EndProject
Project("{FAE04EC0-301F-11D3-BF4B-00C04F79EFBC}") = "Envio.iOS", "Envio.iOS\Envio.iOS.csproj", "{7971FBDF-98CC-4CE2-9A93-92A7082754B0}"
EndProject
Project("{FAE04EC0-301F-11D3-BF4B-00C04F79EFBC}") = "Envio", "Envio\Envio.csproj", "{77A24EF6-618A-46F8-ABC7-BB447C2F4F97}"
EndProject
Global
	GlobalSection(SolutionConfigurationPlatforms) = preSolution
		Debug|Any CPU = Debug|Any CPU
		Debug|iPhone = Debug|iPhone
		Debug|iPhoneSimulator = Debug|iPhoneSimulator
		Release|Any CPU = Release|Any CPU
		Release|iPhone = Release|iPhone
		Release|iPhoneSimulator = Release|iPhoneSimulator
	EndGlobalSection
	GlobalSection(ProjectConfigurationPlatforms) = postSolution
		{941E296F-1263-459C-B750-17BD68766AF9}.Debug|Any CPU.ActiveCfg = Debug|Any CPU
		{941E296F-1263-459C-B750-17BD68766AF9}.Debug|Any CPU.Build.0 = Debug|Any CPU
		{941E296F-1263-459C-B750-17BD68766AF9}.Debug|Any CPU.Deploy.0 = Debug|Any CPU
		{941E296F-1263-459C-B750-17BD68766AF9}.Debug|iPhone.ActiveCfg = Debug|Any CPU
		{941E296F-1263-459C-B750-17BD68766AF9}.Debug|iPhone.Build.0 = Debug|Any CPU
		{941E296F-1263-459C-B750-17BD68766AF9}.Debug|iPhone.Deploy.0 = Debug|Any CPU
		{941E296F-1263-459C-B750-17BD68766AF9}.Debug|iPhoneSimulator.ActiveCfg = Debug|Any CPU
		{941E296F-1263-459C-B750-17BD68766AF9}.Debug|iPhoneSimulator.Build.0 = Debug|Any CPU
		{941E296F-1263-459C-B750-17BD68766AF9}.Debug|iPhoneSimulator.Deploy.0 = Debug|Any CPU
		{941E296F-1263-459C-B750-17BD68766AF9}.Release|Any CPU.ActiveCfg = Release|Any CPU
		{941E296F-1263-459C-B750-17BD68766AF9}.Release|Any CPU.Build.0 = Release|Any CPU
		{941E296F-1263-459C-B750-17BD68766AF9}.Release|Any CPU.Deploy.0 = Release|Any CPU
		{941E296F-1263-459C-B750-17BD68766AF9}.Release|iPhone.ActiveCfg = Release|Any CPU
		{941E296F-1263-459C-B750-17BD68766AF9}.Release|iPhone.Build.0 = Release|Any CPU
		{941E296F-1263-459C-B750-17BD68766AF9}.Release|iPhone.Deploy.0 = Release|Any CPU
		{941E296F-1263-459C-B750-17BD68766AF9}.Release|iPhoneSimulator.ActiveCfg = Release|Any CPU
		{941E296F-1263-459C-B750-17BD68766AF9}.Release|iPhoneSimulator.Build.0 = Release|Any CPU
		{941E296F-1263-459C-B750-17BD68766AF9}.Release|iPhoneSimulator.Deploy.0 = Release|Any CPU
		{7971FBDF-98CC-4CE2-9A93-92A7082754B0}.Debug|Any CPU.ActiveCfg = Debug|iPhone
		{7971FBDF-98CC-4CE2-9A93-92A7082754B0}.Debug|Any CPU.Build.0 = Debug|iPhone
		{7971FBDF-98CC-4CE2-9A93-92A7082754B0}.Debug|Any CPU.Deploy.0 = Debug|iPhone
		{7971FBDF-98CC-4CE2-9A93-92A7082754B0}.Debug|iPhone.ActiveCfg = Debug|iPhone
		{7971FBDF-98CC-4CE2-9A93-92A7082754B0}.Debug|iPhone.Build.0 = Debug|iPhone
		{7971FBDF-98CC-4CE2-9A93-92A7082754B0}.Debug|iPhone.Deploy.0 = Debug|iPhone
		{7971FBDF-98CC-4CE2-9A93-92A7082754B0}.Debug|iPhoneSimulator.ActiveCfg = Debug|iPhoneSimulator
		{7971FBDF-98CC-4CE2-9A93-92A7082754B0}.Debug|iPhoneSimulator.Build.0 = Debug|iPhoneSimulator
		{7971FBDF-98CC-4CE2-9A93-92A7082754B0}.Debug|iPhoneSimulator.Deploy.0 = Debug|iPhoneSimulator
		{7971FBDF-98CC-4CE2-9A93-92A7082754B0}.Release|Any CPU.ActiveCfg = Release|iPhoneSimulator
		{7971FBDF-98CC-4CE2-9A93-92A7082754B0}.Release|Any CPU.Build.0 = Release|iPhoneSimulator
		{7971FBDF-98CC-4CE2-9A93-92A7082754B0}.Release|Any CPU.Deploy.0 = Release|iPhoneSimulator
		{7971FBDF-98CC-4CE2-9A93-92A7082754B0}.Release|iPhone.ActiveCfg = Release|iPhone
		{7971FBDF-98CC-4CE2-9A93-92A7082754B0}.Release|iPhone.Build.0 = Release|iPhone
		{7971FBDF-98CC-4CE2-9A93-92A7082754B0}.Release|iPhone.Deploy.0 = Release|iPhone
		{7971FBDF-98CC-4CE2-9A93-92A7082754B0}.Release|iPhoneSimulator.ActiveCfg = Release|iPhoneSimulator
		{7971FBDF-98CC-4CE2-9A93-92A7082754B0}.Release|iPhoneSimulator.Build.0 = Release|iPhoneSimulator
		{7971FBDF-98CC-4CE2-9A93-92A7082754B0}.Release|iPhoneSimulator.Deploy.0 = Release|iPhoneSimulator
		{77A24EF6-618A-46F8-ABC7-BB447C2F4F97}.Debug|Any CPU.ActiveCfg = Debug|Any CPU
		{77A24EF6-618A-46F8-ABC7-BB447C2F4F97}.Debug|Any CPU.Build.0 = Debug|Any CPU
		{77A24EF6-618A-46F8-ABC7-BB447C2F4F97}.Debug|Any CPU.Deploy.0 = Debug|Any CPU
		{77A24EF6-618A-46F8-ABC7-BB447C2F4F97}.Debug|iPhone.ActiveCfg = Debug|Any CPU
		{77A24EF6-618A-46F8-ABC7-BB447C2F4F97}.Debug|iPhone.Build.0 = Debug|Any CPU
		{77A24EF6-618A-46F8-ABC7-BB447C2F4F97}.Debug|iPhone.Deploy.0 = Debug|Any CPU
		{77A24EF6-618A-46F8-ABC7-BB447C2F4F97}.Debug|iPhoneSimulator.ActiveCfg = Debug|Any CPU
		{77A24EF6-618A-46F8-ABC7-BB447C2F4F97}.Debug|iPhoneSimulator.Build.0 = Debug|Any CPU
		{77A24EF6-618A-46F8-ABC7-BB447C2F4F97}.Debug|iPhoneSimulator.Deploy.0 = Debug|Any CPU
		{77A24EF6-618A-46F8-ABC7-BB447C2F4F97}.Release|Any CPU.ActiveCfg = Release|Any CPU
		{77A24EF6-618A-46F8-ABC7-BB447C2F4F97}.Release|Any CPU.Build.0 = Release|Any CPU
		{77A24EF6-618A-46F8-ABC7-BB447C2F4F97}.Release|Any CPU.Deploy.0 = Release|Any CPU
		{77A24EF6-618A-46F8-ABC7-BB447C2F4F97}.Release|iPhone.ActiveCfg = Release|Any CPU
		{77A24EF6-618A-46F8-ABC7-BB447C2F4F97}.Release|iPhone.Build.0 = Release|Any CPU
		{77A24EF6-618A-46F8-ABC7-BB447C2F4F97}.Release|iPhone.Deploy.0 = Release|Any CPU
		{77A24EF6-618A-46F8-ABC7-BB447C2F4F97}.Release|iPhoneSimulator.ActiveCfg = Release|Any CPU
		{77A24EF6-618A-46F8-ABC7-BB447C2F4F97}.Release|iPhoneSimulator.Build.0 = Release|Any CPU
		{77A24EF6-618A-46F8-ABC7-BB447C2F4F97}.Release|iPhoneSimulator.Deploy.0 = Release|Any CPU
	EndGlobalSection
	GlobalSection(SolutionProperties) = preSolution
		HideSolutionNode = FALSE
	EndGlobalSection
	GlobalSection(ExtensibilityGlobals) = postSolution
		SolutionGuid = {27A9625D-38CC-4765-B5FA-C98697648C56}
	EndGlobalSection
EndGlobal
